
Microsoft Visual Studio Solution File, Format Version 12.00
Project("{FAE04EC0-301F-11D3-BF4B-00C04F79EFBC}") = "CinemaApplicationAspNetCoreMVC", "CinemaApplicationAspNetCoreMVC.csproj", "{3EE63C51-83B4-4316-AF83-5E315CE96A48}"
EndProject
Project("{2150E333-8FDC-42A3-9474-1A3956D46DE8}") = "Solution Items", "Solution Items", "{14BB2778-C75A-47D5-B32E-AE774ABF2963}"
	ProjectSection(SolutionItems) = preProject
		docker-compose.yml = docker-compose.yml
	EndProjectSection
EndProject
Global
	GlobalSection(SolutionConfigurationPlatforms) = preSolution
		Debug|Any CPU = Debug|Any CPU
		Release|Any CPU = Release|Any CPU
	EndGlobalSection
	GlobalSection(ProjectConfigurationPlatforms) = postSolution
		{3EE63C51-83B4-4316-AF83-5E315CE96A48}.Debug|Any CPU.ActiveCfg = Debug|Any CPU
		{3EE63C51-83B4-4316-AF83-5E315CE96A48}.Debug|Any CPU.Build.0 = Debug|Any CPU
		{3EE63C51-83B4-4316-AF83-5E315CE96A48}.Release|Any CPU.ActiveCfg = Release|Any CPU
		{3EE63C51-83B4-4316-AF83-5E315CE96A48}.Release|Any CPU.Build.0 = Release|Any CPU
	EndGlobalSection
EndGlobal
